
Microsoft Visual Studio Solution File, Format Version 11.00
# Visual Studio 2010
Project("{FAE04EC0-301F-11D3-BF4B-00C04F79EFBC}") = "PivotViewer", "PivotViewer\PivotViewer.csproj", "{16BEFAA0-3E46-49A5-B46A-7D0FB21C16FE}"
EndProject
Project("{FAE04EC0-301F-11D3-BF4B-00C04F79EFBC}") = "PivotViewer.Web", "PivotViewer.Web\PivotViewer.Web.csproj", "{A0D80A3D-E207-4340-815B-062BA8F47319}"
EndProject
Global
	GlobalSection(SolutionConfigurationPlatforms) = preSolution
		Debug|Any CPU = Debug|Any CPU
		Release|Any CPU = Release|Any CPU
	EndGlobalSection
	GlobalSection(ProjectConfigurationPlatforms) = postSolution
		{16BEFAA0-3E46-49A5-B46A-7D0FB21C16FE}.Debug|Any CPU.ActiveCfg = Debug|Any CPU
		{16BEFAA0-3E46-49A5-B46A-7D0FB21C16FE}.Debug|Any CPU.Build.0 = Debug|Any CPU
		{16BEFAA0-3E46-49A5-B46A-7D0FB21C16FE}.Release|Any CPU.ActiveCfg = Release|Any CPU
		{16BEFAA0-3E46-49A5-B46A-7D0FB21C16FE}.Release|Any CPU.Build.0 = Release|Any CPU
		{A0D80A3D-E207-4340-815B-062BA8F47319}.Debug|Any CPU.ActiveCfg = Debug|Any CPU
		{A0D80A3D-E207-4340-815B-062BA8F47319}.Debug|Any CPU.Build.0 = Debug|Any CPU
		{A0D80A3D-E207-4340-815B-062BA8F47319}.Release|Any CPU.ActiveCfg = Release|Any CPU
		{A0D80A3D-E207-4340-815B-062BA8F47319}.Release|Any CPU.Build.0 = Release|Any CPU
	EndGlobalSection
	GlobalSection(SolutionProperties) = preSolution
		HideSolutionNode = FALSE
	EndGlobalSection
EndGlobal
