
Microsoft Visual Studio Solution File, Format Version 12.00
# Visual Studio 2012
Project("{2150E333-8FDC-42A3-9474-1A3956D46DE8}") = "Solution Items", "Solution Items", "{63005F02-0EF8-4274-8238-26D06666CB7A}"
	ProjectSection(SolutionItems) = preProject
		WebOptimizer.FxCop = WebOptimizer.FxCop
	EndProjectSection
EndProject
Project("{FAE04EC0-301F-11D3-BF4B-00C04F79EFBC}") = "WebOptimizer", "WebOptimizer\WebOptimizer.csproj", "{8D74F716-1D1C-4ACE-80C0-D6E95E1A4A31}"
EndProject
Global
	GlobalSection(SolutionConfigurationPlatforms) = preSolution
		Debug|Any CPU = Debug|Any CPU
		Release|Any CPU = Release|Any CPU
	EndGlobalSection
	GlobalSection(ProjectConfigurationPlatforms) = postSolution
		{8D74F716-1D1C-4ACE-80C0-D6E95E1A4A31}.Debug|Any CPU.ActiveCfg = Debug|Any CPU
		{8D74F716-1D1C-4ACE-80C0-D6E95E1A4A31}.Debug|Any CPU.Build.0 = Debug|Any CPU
		{8D74F716-1D1C-4ACE-80C0-D6E95E1A4A31}.Release|Any CPU.ActiveCfg = Release|Any CPU
		{8D74F716-1D1C-4ACE-80C0-D6E95E1A4A31}.Release|Any CPU.Build.0 = Release|Any CPU
	EndGlobalSection
	GlobalSection(SolutionProperties) = preSolution
		HideSolutionNode = FALSE
	EndGlobalSection
EndGlobal
