
Microsoft Visual Studio Solution File, Format Version 12.00
# Visual Studio 2012
Project("{FAE04EC0-301F-11D3-BF4B-00C04F79EFBC}") = "Kigg.Core", "Core\Kigg.Core.csproj", "{04A61455-9656-4E67-A8D6-9FBA348F0FB3}"
EndProject
Project("{FAE04EC0-301F-11D3-BF4B-00C04F79EFBC}") = "Kigg.Infrastructure.LinqToSql", "LinqToSql\Kigg.Infrastructure.LinqToSql.csproj", "{49CDCCC2-2C02-4DF1-9234-246D974D2B2D}"
EndProject
Project("{FAE04EC0-301F-11D3-BF4B-00C04F79EFBC}") = "Kigg.Infrastructure.EnterpriseLibrary", "EnterpriseLibrary\Kigg.Infrastructure.EnterpriseLibrary.csproj", "{115F6494-917B-4E8B-97E4-F671DE3E94F9}"
EndProject
Project("{FAE04EC0-301F-11D3-BF4B-00C04F79EFBC}") = "Kigg.Infrastructure.HtmlAgilityPack", "HtmlAgilityPack\Kigg.Infrastructure.HtmlAgilityPack.csproj", "{564931FC-9E33-4FA4-887D-7E78C2B63873}"
EndProject
Project("{FAE04EC0-301F-11D3-BF4B-00C04F79EFBC}") = "Kigg.Web", "Web\Kigg.Web.csproj", "{B385D300-8714-4F31-A591-A904C383F88B}"
EndProject
Project("{FAE04EC0-301F-11D3-BF4B-00C04F79EFBC}") = "Kigg.DataServices", "DataServices\Kigg.DataServices.csproj", "{6370DAF2-7999-4DF2-8A7F-0EAF1A12D962}"
EndProject
Project("{2150E333-8FDC-42A3-9474-1A3956D46DE8}") = ".nuget", ".nuget", "{0475B953-3F43-4664-8CDA-43FE252CC53E}"
	ProjectSection(SolutionItems) = preProject
		.nuget\NuGet.Config = .nuget\NuGet.Config
		.nuget\NuGet.exe = .nuget\NuGet.exe
		.nuget\NuGet.targets = .nuget\NuGet.targets
	EndProjectSection
EndProject
Global
	GlobalSection(SolutionConfigurationPlatforms) = preSolution
		Debug|Any CPU = Debug|Any CPU
		MySql|Any CPU = MySql|Any CPU
		PublishingRelease|Any CPU = PublishingRelease|Any CPU
		Release|Any CPU = Release|Any CPU
		SqlServer|Any CPU = SqlServer|Any CPU
	EndGlobalSection
	GlobalSection(ProjectConfigurationPlatforms) = postSolution
		{04A61455-9656-4E67-A8D6-9FBA348F0FB3}.Debug|Any CPU.ActiveCfg = Debug|Any CPU
		{04A61455-9656-4E67-A8D6-9FBA348F0FB3}.Debug|Any CPU.Build.0 = Debug|Any CPU
		{04A61455-9656-4E67-A8D6-9FBA348F0FB3}.MySql|Any CPU.ActiveCfg = MySql|Any CPU
		{04A61455-9656-4E67-A8D6-9FBA348F0FB3}.MySql|Any CPU.Build.0 = MySql|Any CPU
		{04A61455-9656-4E67-A8D6-9FBA348F0FB3}.PublishingRelease|Any CPU.ActiveCfg = PublishingRelease|Any CPU
		{04A61455-9656-4E67-A8D6-9FBA348F0FB3}.PublishingRelease|Any CPU.Build.0 = PublishingRelease|Any CPU
		{04A61455-9656-4E67-A8D6-9FBA348F0FB3}.Release|Any CPU.ActiveCfg = Release|Any CPU
		{04A61455-9656-4E67-A8D6-9FBA348F0FB3}.Release|Any CPU.Build.0 = Release|Any CPU
		{04A61455-9656-4E67-A8D6-9FBA348F0FB3}.SqlServer|Any CPU.ActiveCfg = SqlServer|Any CPU
		{04A61455-9656-4E67-A8D6-9FBA348F0FB3}.SqlServer|Any CPU.Build.0 = SqlServer|Any CPU
		{49CDCCC2-2C02-4DF1-9234-246D974D2B2D}.Debug|Any CPU.ActiveCfg = Debug|Any CPU
		{49CDCCC2-2C02-4DF1-9234-246D974D2B2D}.Debug|Any CPU.Build.0 = Debug|Any CPU
		{49CDCCC2-2C02-4DF1-9234-246D974D2B2D}.MySql|Any CPU.ActiveCfg = MySql|Any CPU
		{49CDCCC2-2C02-4DF1-9234-246D974D2B2D}.MySql|Any CPU.Build.0 = MySql|Any CPU
		{49CDCCC2-2C02-4DF1-9234-246D974D2B2D}.PublishingRelease|Any CPU.ActiveCfg = PublishingRelease|Any CPU
		{49CDCCC2-2C02-4DF1-9234-246D974D2B2D}.PublishingRelease|Any CPU.Build.0 = PublishingRelease|Any CPU
		{49CDCCC2-2C02-4DF1-9234-246D974D2B2D}.Release|Any CPU.ActiveCfg = Release|Any CPU
		{49CDCCC2-2C02-4DF1-9234-246D974D2B2D}.Release|Any CPU.Build.0 = Release|Any CPU
		{49CDCCC2-2C02-4DF1-9234-246D974D2B2D}.SqlServer|Any CPU.ActiveCfg = SqlServer|Any CPU
		{49CDCCC2-2C02-4DF1-9234-246D974D2B2D}.SqlServer|Any CPU.Build.0 = SqlServer|Any CPU
		{115F6494-917B-4E8B-97E4-F671DE3E94F9}.Debug|Any CPU.ActiveCfg = Debug|Any CPU
		{115F6494-917B-4E8B-97E4-F671DE3E94F9}.Debug|Any CPU.Build.0 = Debug|Any CPU
		{115F6494-917B-4E8B-97E4-F671DE3E94F9}.MySql|Any CPU.ActiveCfg = MySql|Any CPU
		{115F6494-917B-4E8B-97E4-F671DE3E94F9}.MySql|Any CPU.Build.0 = MySql|Any CPU
		{115F6494-917B-4E8B-97E4-F671DE3E94F9}.PublishingRelease|Any CPU.ActiveCfg = PublishingRelease|Any CPU
		{115F6494-917B-4E8B-97E4-F671DE3E94F9}.PublishingRelease|Any CPU.Build.0 = PublishingRelease|Any CPU
		{115F6494-917B-4E8B-97E4-F671DE3E94F9}.Release|Any CPU.ActiveCfg = Release|Any CPU
		{115F6494-917B-4E8B-97E4-F671DE3E94F9}.Release|Any CPU.Build.0 = Release|Any CPU
		{115F6494-917B-4E8B-97E4-F671DE3E94F9}.SqlServer|Any CPU.ActiveCfg = SqlServer|Any CPU
		{115F6494-917B-4E8B-97E4-F671DE3E94F9}.SqlServer|Any CPU.Build.0 = SqlServer|Any CPU
		{564931FC-9E33-4FA4-887D-7E78C2B63873}.Debug|Any CPU.ActiveCfg = Debug|Any CPU
		{564931FC-9E33-4FA4-887D-7E78C2B63873}.Debug|Any CPU.Build.0 = Debug|Any CPU
		{564931FC-9E33-4FA4-887D-7E78C2B63873}.MySql|Any CPU.ActiveCfg = MySql|Any CPU
		{564931FC-9E33-4FA4-887D-7E78C2B63873}.MySql|Any CPU.Build.0 = MySql|Any CPU
		{564931FC-9E33-4FA4-887D-7E78C2B63873}.PublishingRelease|Any CPU.ActiveCfg = PublishingRelease|Any CPU
		{564931FC-9E33-4FA4-887D-7E78C2B63873}.PublishingRelease|Any CPU.Build.0 = PublishingRelease|Any CPU
		{564931FC-9E33-4FA4-887D-7E78C2B63873}.Release|Any CPU.ActiveCfg = Release|Any CPU
		{564931FC-9E33-4FA4-887D-7E78C2B63873}.Release|Any CPU.Build.0 = Release|Any CPU
		{564931FC-9E33-4FA4-887D-7E78C2B63873}.SqlServer|Any CPU.ActiveCfg = SqlServer|Any CPU
		{564931FC-9E33-4FA4-887D-7E78C2B63873}.SqlServer|Any CPU.Build.0 = SqlServer|Any CPU
		{B385D300-8714-4F31-A591-A904C383F88B}.Debug|Any CPU.ActiveCfg = Debug|Any CPU
		{B385D300-8714-4F31-A591-A904C383F88B}.Debug|Any CPU.Build.0 = Debug|Any CPU
		{B385D300-8714-4F31-A591-A904C383F88B}.MySql|Any CPU.ActiveCfg = MySql|Any CPU
		{B385D300-8714-4F31-A591-A904C383F88B}.MySql|Any CPU.Build.0 = MySql|Any CPU
		{B385D300-8714-4F31-A591-A904C383F88B}.PublishingRelease|Any CPU.ActiveCfg = PublishingRelease|Any CPU
		{B385D300-8714-4F31-A591-A904C383F88B}.PublishingRelease|Any CPU.Build.0 = PublishingRelease|Any CPU
		{B385D300-8714-4F31-A591-A904C383F88B}.Release|Any CPU.ActiveCfg = Release|Any CPU
		{B385D300-8714-4F31-A591-A904C383F88B}.Release|Any CPU.Build.0 = Release|Any CPU
		{B385D300-8714-4F31-A591-A904C383F88B}.SqlServer|Any CPU.ActiveCfg = SqlServer|Any CPU
		{B385D300-8714-4F31-A591-A904C383F88B}.SqlServer|Any CPU.Build.0 = SqlServer|Any CPU
		{6370DAF2-7999-4DF2-8A7F-0EAF1A12D962}.Debug|Any CPU.ActiveCfg = Debug|Any CPU
		{6370DAF2-7999-4DF2-8A7F-0EAF1A12D962}.Debug|Any CPU.Build.0 = Debug|Any CPU
		{6370DAF2-7999-4DF2-8A7F-0EAF1A12D962}.MySql|Any CPU.ActiveCfg = MySql|Any CPU
		{6370DAF2-7999-4DF2-8A7F-0EAF1A12D962}.MySql|Any CPU.Build.0 = MySql|Any CPU
		{6370DAF2-7999-4DF2-8A7F-0EAF1A12D962}.PublishingRelease|Any CPU.ActiveCfg = PublishingRelease|Any CPU
		{6370DAF2-7999-4DF2-8A7F-0EAF1A12D962}.PublishingRelease|Any CPU.Build.0 = PublishingRelease|Any CPU
		{6370DAF2-7999-4DF2-8A7F-0EAF1A12D962}.Release|Any CPU.ActiveCfg = Release|Any CPU
		{6370DAF2-7999-4DF2-8A7F-0EAF1A12D962}.Release|Any CPU.Build.0 = Release|Any CPU
		{6370DAF2-7999-4DF2-8A7F-0EAF1A12D962}.SqlServer|Any CPU.ActiveCfg = SqlServer|Any CPU
		{6370DAF2-7999-4DF2-8A7F-0EAF1A12D962}.SqlServer|Any CPU.Build.0 = SqlServer|Any CPU
	EndGlobalSection
	GlobalSection(SolutionProperties) = preSolution
		HideSolutionNode = FALSE
	EndGlobalSection
	GlobalSection(NDepend) = preSolution
		Project = ".\Kigg.ndproj"
	EndGlobalSection
EndGlobal
